github.com/danhhuynh25029/caculate v0.0.0-20250401032005-3b0032cc62b8 h1:YqKicw2yVTnCnkjGMVLe8GlkGWnKolWHxiW7+MkBAIU=
github.com/danhhuynh25029/caculate v0.0.0-20250401032005-3b0032cc62b8/go.mod h1:dBeP0sZgXXUK72qnFRfVR0exbSzu7khm5EH+f6ARva4=
github.com/danhhuynh25029/log v0.0.0-20250401040357-fa70fdea6310 h1:qTG2SrD0XMskZK+6qkh3d2Lo9NT/4fP0ptAmNCFvMfM=
github.com/danhhuynh25029/log v0.0.0-20250401040357-fa70fdea6310/go.mod h1:d+50pffBKK/sFx3HCuWlhHzraEoWr+f22I8fzkCYM3o=
